// !$*UTF8*$!
{
	archiveVersion = 1;
	classes = {
	};
	objectVersion = 50;
	objects = {

/* Begin PBXBuildFile section */
		F188B5D021163CD8000705CF /* Armor.cpp in Sources */ = {isa = PBXBuildFile; fileRef = F188B5CE21163CD8000705CF /* Armor.cpp */; };
		F1BC874E211306DF00238740 /* main.cpp in Sources */ = {isa = PBXBuildFile; fileRef = F1BC874D211306DF00238740 /* main.cpp */; };
		F1BC875A211309E500238740 /* Game.cpp in Sources */ = {isa = PBXBuildFile; fileRef = F1BC8758211309E500238740 /* Game.cpp */; };
		F1BC875D211311A900238740 /* Character.cpp in Sources */ = {isa = PBXBuildFile; fileRef = F1BC875B211311A900238740 /* Character.cpp */; };
		F1BDA59F2115C6A300DA26CA /* Inventory.cpp in Sources */ = {isa = PBXBuildFile; fileRef = F1BDA59D2115C6A300DA26CA /* Inventory.cpp */; };
		F1BDA5A22115CAB900DA26CA /* Weapon.cpp in Sources */ = {isa = PBXBuildFile; fileRef = F1BDA5A02115CAB900DA26CA /* Weapon.cpp */; };
		F1EFE1E82115BB5000909086 /* Item.cpp in Sources */ = {isa = PBXBuildFile; fileRef = F1EFE1E62115BB5000909086 /* Item.cpp */; };
/* End PBXBuildFile section */

/* Begin PBXCopyFilesBuildPhase section */
		F1BC8748211306DF00238740 /* CopyFiles */ = {
			isa = PBXCopyFilesBuildPhase;
			buildActionMask = 2147483647;
			dstPath = /usr/share/man/man1/;
			dstSubfolderSpec = 0;
			files = (
			);
			runOnlyForDeploymentPostprocessing = 1;
		};
/* End PBXCopyFilesBuildPhase section */

/* Begin PBXFileReference section */
		F188B5CE21163CD8000705CF /* Armor.cpp */ = {isa = PBXFileReference; lastKnownFileType = sourcecode.cpp.cpp; path = Armor.cpp; sourceTree = "<group>"; };
		F188B5CF21163CD8000705CF /* Armor.hpp */ = {isa = PBXFileReference; lastKnownFileType = sourcecode.cpp.h; path = Armor.hpp; sourceTree = "<group>"; };
		F1BC874A211306DF00238740 /* Console RPG */ = {isa = PBXFileReference; explicitFileType = "compiled.mach-o.executable"; includeInIndex = 0; path = "Console RPG"; sourceTree = BUILT_PRODUCTS_DIR; };
		F1BC874D211306DF00238740 /* main.cpp */ = {isa = PBXFileReference; lastKnownFileType = sourcecode.cpp.cpp; path = main.cpp; sourceTree = "<group>"; };
		F1BC87542113082B00238740 /* Functions.h */ = {isa = PBXFileReference; lastKnownFileType = sourcecode.c.h; path = Functions.h; sourceTree = "<group>"; };
		F1BC8758211309E500238740 /* Game.cpp */ = {isa = PBXFileReference; lastKnownFileType = sourcecode.cpp.cpp; path = Game.cpp; sourceTree = "<group>"; };
		F1BC8759211309E500238740 /* Game.hpp */ = {isa = PBXFileReference; lastKnownFileType = sourcecode.cpp.h; path = Game.hpp; sourceTree = "<group>"; };
		F1BC875B211311A900238740 /* Character.cpp */ = {isa = PBXFileReference; lastKnownFileType = sourcecode.cpp.cpp; path = Character.cpp; sourceTree = "<group>"; };
		F1BC875C211311A900238740 /* Character.hpp */ = {isa = PBXFileReference; lastKnownFileType = sourcecode.cpp.h; path = Character.hpp; sourceTree = "<group>"; };
		F1BDA59D2115C6A300DA26CA /* Inventory.cpp */ = {isa = PBXFileReference; lastKnownFileType = sourcecode.cpp.cpp; path = Inventory.cpp; sourceTree = "<group>"; };
		F1BDA59E2115C6A300DA26CA /* Inventory.hpp */ = {isa = PBXFileReference; lastKnownFileType = sourcecode.cpp.h; path = Inventory.hpp; sourceTree = "<group>"; };
		F1BDA5A02115CAB900DA26CA /* Weapon.cpp */ = {isa = PBXFileReference; lastKnownFileType = sourcecode.cpp.cpp; path = Weapon.cpp; sourceTree = "<group>"; };
		F1BDA5A12115CAB900DA26CA /* Weapon.hpp */ = {isa = PBXFileReference; lastKnownFileType = sourcecode.cpp.h; path = Weapon.hpp; sourceTree = "<group>"; };
		F1EFE1E62115BB5000909086 /* Item.cpp */ = {isa = PBXFileReference; lastKnownFileType = sourcecode.cpp.cpp; path = Item.cpp; sourceTree = "<group>"; };
		F1EFE1E72115BB5000909086 /* Item.hpp */ = {isa = PBXFileReference; lastKnownFileType = sourcecode.cpp.h; path = Item.hpp; sourceTree = "<group>"; };
/* End PBXFileReference section */

/* Begin PBXFrameworksBuildPhase section */
		F1BC8747211306DF00238740 /* Frameworks */ = {
			isa = PBXFrameworksBuildPhase;
			buildActionMask = 2147483647;
			files = (
			);
			runOnlyForDeploymentPostprocessing = 0;
		};
/* End PBXFrameworksBuildPhase section */

/* Begin PBXGroup section */
		F1BC8741211306DF00238740 = {
			isa = PBXGroup;
			children = (
				F1BC874C211306DF00238740 /* Console RPG */,
				F1BC874B211306DF00238740 /* Products */,
			);
			sourceTree = "<group>";
		};
		F1BC874B211306DF00238740 /* Products */ = {
			isa = PBXGroup;
			children = (
				F1BC874A211306DF00238740 /* Console RPG */,
			);
			name = Products;
			sourceTree = "<group>";
		};
		F1BC874C211306DF00238740 /* Console RPG */ = {
			isa = PBXGroup;
			children = (
				F1BC874D211306DF00238740 /* main.cpp */,
				F1BC87542113082B00238740 /* Functions.h */,
				F1BC8758211309E500238740 /* Game.cpp */,
				F1BC8759211309E500238740 /* Game.hpp */,
				F1BC875B211311A900238740 /* Character.cpp */,
				F1BC875C211311A900238740 /* Character.hpp */,
				F1EFE1E62115BB5000909086 /* Item.cpp */,
				F1EFE1E72115BB5000909086 /* Item.hpp */,
				F1BDA59D2115C6A300DA26CA /* Inventory.cpp */,
				F1BDA59E2115C6A300DA26CA /* Inventory.hpp */,
				F1BDA5A02115CAB900DA26CA /* Weapon.cpp */,
				F1BDA5A12115CAB900DA26CA /* Weapon.hpp */,
				F188B5CE21163CD8000705CF /* Armor.cpp */,
				F188B5CF21163CD8000705CF /* Armor.hpp */,
			);
			path = "Console RPG";
			sourceTree = "<group>";
		};
/* End PBXGroup section */

/* Begin PBXNativeTarget section */
		F1BC8749211306DF00238740 /* Console RPG */ = {
			isa = PBXNativeTarget;
			buildConfigurationList = F1BC8751211306DF00238740 /* Build configuration list for PBXNativeTarget "Console RPG" */;
			buildPhases = (
				F1BC8746211306DF00238740 /* Sources */,
				F1BC8747211306DF00238740 /* Frameworks */,
				F1BC8748211306DF00238740 /* CopyFiles */,
			);
			buildRules = (
			);
			dependencies = (
			);
			name = "Console RPG";
			productName = "Console RPG";
			productReference = F1BC874A211306DF00238740 /* Console RPG */;
			productType = "com.apple.product-type.tool";
		};
/* End PBXNativeTarget section */

/* Begin PBXProject section */
		F1BC8742211306DF00238740 /* Project object */ = {
			isa = PBXProject;
			attributes = {
				LastUpgradeCheck = 0930;
				ORGANIZATIONNAME = "Krut Patel";
				TargetAttributes = {
					F1BC8749211306DF00238740 = {
						CreatedOnToolsVersion = 9.3;
					};
				};
			};
			buildConfigurationList = F1BC8745211306DF00238740 /* Build configuration list for PBXProject "Console RPG" */;
			compatibilityVersion = "Xcode 9.3";
			developmentRegion = en;
			hasScannedForEncodings = 0;
			knownRegions = (
				en,
			);
			mainGroup = F1BC8741211306DF00238740;
			productRefGroup = F1BC874B211306DF00238740 /* Products */;
			projectDirPath = "";
			projectRoot = "";
			targets = (
				F1BC8749211306DF00238740 /* Console RPG */,
			);
		};
/* End PBXProject section */

/* Begin PBXSourcesBuildPhase section */
		F1BC8746211306DF00238740 /* Sources */ = {
			isa = PBXSourcesBuildPhase;
			buildActionMask = 2147483647;
			files = (
				F1EFE1E82115BB5000909086 /* Item.cpp in Sources */,
				F1BDA5A22115CAB900DA26CA /* Weapon.cpp in Sources */,
				F188B5D021163CD8000705CF /* Armor.cpp in Sources */,
				F1BC875D211311A900238740 /* Character.cpp in Sources */,
				F1BC874E211306DF00238740 /* main.cpp in Sources */,
				F1BDA59F2115C6A300DA26CA /* Inventory.cpp in Sources */,
				F1BC875A211309E500238740 /* Game.cpp in Sources */,
			);
			runOnlyForDeploymentPostprocessing = 0;
		};
/* End PBXSourcesBuildPhase section */

/* Begin XCBuildConfiguration section */
		F1BC874F211306DF00238740 /* Debug */ = {
			isa = XCBuildConfiguration;
			buildSettings = {
				ALWAYS_SEARCH_USER_PATHS = NO;
				CLANG_ANALYZER_NONNULL = YES;
				CLANG_ANALYZER_NUMBER_OBJECT_CONVERSION = YES_AGGRESSIVE;
				CLANG_CXX_LANGUAGE_STANDARD = "gnu++14";
				CLANG_CXX_LIBRARY = "libc++";
				CLANG_ENABLE_MODULES = YES;
				CLANG_ENABLE_OBJC_ARC = YES;
				CLANG_ENABLE_OBJC_WEAK = YES;
				CLANG_WARN_BLOCK_CAPTURE_AUTORELEASING = YES;
				CLANG_WARN_BOOL_CONVERSION = YES;
				CLANG_WARN_COMMA = YES;
				CLANG_WARN_CONSTANT_CONVERSION = YES;
				CLANG_WARN_DEPRECATED_OBJC_IMPLEMENTATIONS = YES;
				CLANG_WARN_DIRECT_OBJC_ISA_USAGE = YES_ERROR;
				CLANG_WARN_DOCUMENTATION_COMMENTS = YES;
				CLANG_WARN_EMPTY_BODY = YES;
				CLANG_WARN_ENUM_CONVERSION = YES;
				CLANG_WARN_INFINITE_RECURSION = YES;
				CLANG_WARN_INT_CONVERSION = YES;
				CLANG_WARN_NON_LITERAL_NULL_CONVERSION = YES;
				CLANG_WARN_OBJC_IMPLICIT_RETAIN_SELF = YES;
				CLANG_WARN_OBJC_LITERAL_CONVERSION = YES;
				CLANG_WARN_OBJC_ROOT_CLASS = YES_ERROR;
				CLANG_WARN_RANGE_LOOP_ANALYSIS = YES;
				CLANG_WARN_STRICT_PROTOTYPES = YES;
				CLANG_WARN_SUSPICIOUS_MOVE = YES;
				CLANG_WARN_UNGUARDED_AVAILABILITY = YES_AGGRESSIVE;
				CLANG_WARN_UNREACHABLE_CODE = YES;
				CLANG_WARN__DUPLICATE_METHOD_MATCH = YES;
				CODE_SIGN_IDENTITY = "Mac Developer";
				COPY_PHASE_STRIP = NO;
				DEBUG_INFORMATION_FORMAT = dwarf;
				ENABLE_STRICT_OBJC_MSGSEND = YES;
				ENABLE_TESTABILITY = YES;
				GCC_C_LANGUAGE_STANDARD = gnu11;
				GCC_DYNAMIC_NO_PIC = NO;
				GCC_NO_COMMON_BLOCKS = YES;
				GCC_OPTIMIZATION_LEVEL = 0;
				GCC_PREPROCESSOR_DEFINITIONS = (
					"DEBUG=1",
					"$(inherited)",
				);
				GCC_WARN_64_TO_32_BIT_CONVERSION = YES;
				GCC_WARN_ABOUT_RETURN_TYPE = YES_ERROR;
				GCC_WARN_UNDECLARED_SELECTOR = YES;
				GCC_WARN_UNINITIALIZED_AUTOS = YES_AGGRESSIVE;
				GCC_WARN_UNUSED_FUNCTION = YES;
				GCC_WARN_UNUSED_VARIABLE = YES;
				MACOSX_DEPLOYMENT_TARGET = 10.13;
				MTL_ENABLE_DEBUG_INFO = YES;
				ONLY_ACTIVE_ARCH = YES;
				SDKROOT = macosx;
			};
			name = Debug;
		};
		F1BC8750211306DF00238740 /* Release */ = {
			isa = XCBuildConfiguration;
			buildSettings = {
				ALWAYS_SEARCH_USER_PATHS = NO;
				CLANG_ANALYZER_NONNULL = YES;
				CLANG_ANALYZER_NUMBER_OBJECT_CONVERSION = YES_AGGRESSIVE;
				CLANG_CXX_LANGUAGE_STANDARD = "gnu++14";
				CLANG_CXX_LIBRARY = "libc++";
				CLANG_ENABLE_MODULES = YES;
				CLANG_ENABLE_OBJC_ARC = YES;
				CLANG_ENABLE_OBJC_WEAK = YES;
				CLANG_WARN_BLOCK_CAPTURE_AUTORELEASING = YES;
				CLANG_WARN_BOOL_CONVERSION = YES;
				CLANG_WARN_COMMA = YES;
				CLANG_WARN_CONSTANT_CONVERSION = YES;
				CLANG_WARN_DEPRECATED_OBJC_IMPLEMENTATIONS = YES;
				CLANG_WARN_DIRECT_OBJC_ISA_USAGE = YES_ERROR;
				CLANG_WARN_DOCUMENTATION_COMMENTS = YES;
				CLANG_WARN_EMPTY_BODY = YES;
				CLANG_WARN_ENUM_CONVERSION = YES;
				CLANG_WARN_INFINITE_RECURSION = YES;
				CLANG_WARN_INT_CONVERSION = YES;
				CLANG_WARN_NON_LITERAL_NULL_CONVERSION = YES;
				CLANG_WARN_OBJC_IMPLICIT_RETAIN_SELF = YES;
				CLANG_WARN_OBJC_LITERAL_CONVERSION = YES;
				CLANG_WARN_OBJC_ROOT_CLASS = YES_ERROR;
				CLANG_WARN_RANGE_LOOP_ANALYSIS = YES;
				CLANG_WARN_STRICT_PROTOTYPES = YES;
				CLANG_WARN_SUSPICIOUS_MOVE = YES;
				CLANG_WARN_UNGUARDED_AVAILABILITY = YES_AGGRESSIVE;
				CLANG_WARN_UNREACHABLE_CODE = YES;
				CLANG_WARN__DUPLICATE_METHOD_MATCH = YES;
				CODE_SIGN_IDENTITY = "Mac Developer";
				COPY_PHASE_STRIP = NO;
				DEBUG_INFORMATION_FORMAT = "dwarf-with-dsym";
				ENABLE_NS_ASSERTIONS = NO;
				ENABLE_STRICT_OBJC_MSGSEND = YES;
				GCC_C_LANGUAGE_STANDARD = gnu11;
				GCC_NO_COMMON_BLOCKS = YES;
				GCC_WARN_64_TO_32_BIT_CONVERSION = YES;
				GCC_WARN_ABOUT_RETURN_TYPE = YES_ERROR;
				GCC_WARN_UNDECLARED_SELECTOR = YES;
				GCC_WARN_UNINITIALIZED_AUTOS = YES_AGGRESSIVE;
				GCC_WARN_UNUSED_FUNCTION = YES;
				GCC_WARN_UNUSED_VARIABLE = YES;
				MACOSX_DEPLOYMENT_TARGET = 10.13;
				MTL_ENABLE_DEBUG_INFO = NO;
				SDKROOT = macosx;
			};
			name = Release;
		};
		F1BC8752211306DF00238740 /* Debug */ = {
			isa = XCBuildConfiguration;
			buildSettings = {
				CODE_SIGN_STYLE = Automatic;
				DEVELOPMENT_TEAM = 32S8G34HX6;
				PRODUCT_NAME = "$(TARGET_NAME)";
			};
			name = Debug;
		};
		F1BC8753211306DF00238740 /* Release */ = {
			isa = XCBuildConfiguration;
			buildSettings = {
				CODE_SIGN_STYLE = Automatic;
				DEVELOPMENT_TEAM = 32S8G34HX6;
				PRODUCT_NAME = "$(TARGET_NAME)";
			};
			name = Release;
		};
/* End XCBuildConfiguration section */

/* Begin XCConfigurationList section */
		F1BC8745211306DF00238740 /* Build configuration list for PBXProject "Console RPG" */ = {
			isa = XCConfigurationList;
			buildConfigurations = (
				F1BC874F211306DF00238740 /* Debug */,
				F1BC8750211306DF00238740 /* Release */,
			);
			defaultConfigurationIsVisible = 0;
			defaultConfigurationName = Release;
		};
		F1BC8751211306DF00238740 /* Build configuration list for PBXNativeTarget "Console RPG" */ = {
			isa = XCConfigurationList;
			buildConfigurations = (
				F1BC8752211306DF00238740 /* Debug */,
				F1BC8753211306DF00238740 /* Release */,
			);
			defaultConfigurationIsVisible = 0;
			defaultConfigurationName = Release;
		};
/* End XCConfigurationList section */
	};
	rootObject = F1BC8742211306DF00238740 /* Project object */;
}
